// !$*UTF8*$!
{
	archiveVersion = 1;
	classes = {
	};
	objectVersion = 51;
	objects = {

/* Begin PBXBuildFile section */
		381DCDE424790C5800EAFFF7 /* AuthService.swift in Sources */ = {isa = PBXBuildFile; fileRef = 381DCDE324790C5800EAFFF7 /* AuthService.swift */; };
		3883313B24714C9B0039C237 /* TwitterClone.xcdatamodeld in Sources */ = {isa = PBXBuildFile; fileRef = 3883313924714C9B0039C237 /* TwitterClone.xcdatamodeld */; };
		3883313D24714CA00039C237 /* Assets.xcassets in Resources */ = {isa = PBXBuildFile; fileRef = 3883313C24714CA00039C237 /* Assets.xcassets */; };
		38DA948024771FCE00F4B25D /* GoogleService-Info.plist in Resources */ = {isa = PBXBuildFile; fileRef = 38DA947F24771FCE00F4B25D /* GoogleService-Info.plist */; };
		D8AF6110B4A51D98B3F82EF8 /* Utilities.swift in Sources */ = {isa = PBXBuildFile; fileRef = D8AF66E610A55E470198E6F2 /* Utilities.swift */; };
		D8AF61ED204BBF0C04D72469 /* NotificationController.swift in Sources */ = {isa = PBXBuildFile; fileRef = D8AF66B744437BD26D909D81 /* NotificationController.swift */; };
		D8AF623D9FEEEF7A19E0B2A7 /* FeedController.swift in Sources */ = {isa = PBXBuildFile; fileRef = D8AF678391F2DFE7FD17E3DB /* FeedController.swift */; };
		D8AF638205ACDDB5A0B0329F /* LaunchScreen.storyboard in Resources */ = {isa = PBXBuildFile; fileRef = D8AF67027AA63441E1D071AC /* LaunchScreen.storyboard */; };
		D8AF63D2DACB4CFBD1EBD4D6 /* ExploreController.swift in Sources */ = {isa = PBXBuildFile; fileRef = D8AF6FE9E4D87710F6D3B5A5 /* ExploreController.swift */; };
		D8AF65BFEDCDA0C809F51FB3 /* Constants.swift in Sources */ = {isa = PBXBuildFile; fileRef = D8AF6F4D6A7C5F2FF4CFF096 /* Constants.swift */; };
		D8AF668751635E371D9BE2EB /* SceneDelegate.swift in Sources */ = {isa = PBXBuildFile; fileRef = D8AF624B3198CCDF7305992C /* SceneDelegate.swift */; };
		D8AF675EB214383D25F3E50D /* Extensions.swift in Sources */ = {isa = PBXBuildFile; fileRef = D8AF6B79A5EDA9B8D7531D4C /* Extensions.swift */; };
		D8AF67B10F20AAFBC39CF754 /* AppDelegate.swift in Sources */ = {isa = PBXBuildFile; fileRef = D8AF6CC4C845AC9F19271B53 /* AppDelegate.swift */; };
		D8AF6A0F15263E7C90F0D0C2 /* ConversationsController.swift in Sources */ = {isa = PBXBuildFile; fileRef = D8AF629BD617C69BCDDC55FB /* ConversationsController.swift */; };
		D8AF6B956BCF53696A5BE361 /* MainTabController.swift in Sources */ = {isa = PBXBuildFile; fileRef = D8AF602F5AE38E2801CEF18D /* MainTabController.swift */; };
		D8AF6CFD40C195F4110AE41A /* SignUpController.swift in Sources */ = {isa = PBXBuildFile; fileRef = D8AF6318BCD0F7C533258066 /* SignUpController.swift */; };
		D8AF6E283811DFC552F71EA3 /* Main.storyboard in Resources */ = {isa = PBXBuildFile; fileRef = D8AF60D70C65394C8DC5D1EB /* Main.storyboard */; };
		D8AF6FCCC3FE5C2E85C6DA55 /* LoginController.swift in Sources */ = {isa = PBXBuildFile; fileRef = D8AF65E8CBF3C45D459CBAE1 /* LoginController.swift */; };
		E7A0DF2323D2242E00D47976 /* Pods_TwitterClone.framework in Frameworks */ = {isa = PBXBuildFile; fileRef = 555C808510B5924D6424FDA1 /* Pods_TwitterClone.framework */; };
/* End PBXBuildFile section */

/* Begin PBXFileReference section */
		381DCDE324790C5800EAFFF7 /* AuthService.swift */ = {isa = PBXFileReference; lastKnownFileType = sourcecode.swift; path = AuthService.swift; sourceTree = "<group>"; };
		3883312D24714C9B0039C237 /* TwitterClone.app */ = {isa = PBXFileReference; explicitFileType = wrapper.application; includeInIndex = 0; path = TwitterClone.app; sourceTree = BUILT_PRODUCTS_DIR; };
		3883313A24714C9B0039C237 /* TwitterClone.xcdatamodel */ = {isa = PBXFileReference; lastKnownFileType = wrapper.xcdatamodel; path = TwitterClone.xcdatamodel; sourceTree = "<group>"; };
		3883313C24714CA00039C237 /* Assets.xcassets */ = {isa = PBXFileReference; lastKnownFileType = folder.assetcatalog; path = Assets.xcassets; sourceTree = "<group>"; };
		3883314124714CA00039C237 /* Info.plist */ = {isa = PBXFileReference; lastKnownFileType = text.plist.xml; path = Info.plist; sourceTree = "<group>"; };
		38DA947F24771FCE00F4B25D /* GoogleService-Info.plist */ = {isa = PBXFileReference; fileEncoding = 4; lastKnownFileType = text.plist.xml; path = "GoogleService-Info.plist"; sourceTree = "<group>"; };
		44E1478240AC461CAE0A8335 /* Pods-TwitterClone.debug.xcconfig */ = {isa = PBXFileReference; includeInIndex = 1; lastKnownFileType = text.xcconfig; name = "Pods-TwitterClone.debug.xcconfig"; path = "Target Support Files/Pods-TwitterClone/Pods-TwitterClone.debug.xcconfig"; sourceTree = "<group>"; };
		555C808510B5924D6424FDA1 /* Pods_TwitterClone.framework */ = {isa = PBXFileReference; explicitFileType = wrapper.framework; includeInIndex = 0; path = Pods_TwitterClone.framework; sourceTree = BUILT_PRODUCTS_DIR; };
		B95FF8B8BB33EABD9A7650FF /* Pods-TwitterClone.release.xcconfig */ = {isa = PBXFileReference; includeInIndex = 1; lastKnownFileType = text.xcconfig; name = "Pods-TwitterClone.release.xcconfig"; path = "Target Support Files/Pods-TwitterClone/Pods-TwitterClone.release.xcconfig"; sourceTree = "<group>"; };
		D8AF602F5AE38E2801CEF18D /* MainTabController.swift */ = {isa = PBXFileReference; fileEncoding = 4; lastKnownFileType = sourcecode.swift; path = MainTabController.swift; sourceTree = "<group>"; };
		D8AF60D70C65394C8DC5D1EB /* Main.storyboard */ = {isa = PBXFileReference; lastKnownFileType = file.storyboard; path = Main.storyboard; sourceTree = "<group>"; };
		D8AF624B3198CCDF7305992C /* SceneDelegate.swift */ = {isa = PBXFileReference; fileEncoding = 4; lastKnownFileType = sourcecode.swift; path = SceneDelegate.swift; sourceTree = "<group>"; };
		D8AF629BD617C69BCDDC55FB /* ConversationsController.swift */ = {isa = PBXFileReference; fileEncoding = 4; lastKnownFileType = sourcecode.swift; path = ConversationsController.swift; sourceTree = "<group>"; };
		D8AF6318BCD0F7C533258066 /* SignUpController.swift */ = {isa = PBXFileReference; fileEncoding = 4; lastKnownFileType = sourcecode.swift; path = SignUpController.swift; sourceTree = "<group>"; };
		D8AF65E8CBF3C45D459CBAE1 /* LoginController.swift */ = {isa = PBXFileReference; fileEncoding = 4; lastKnownFileType = sourcecode.swift; path = LoginController.swift; sourceTree = "<group>"; };
		D8AF66B744437BD26D909D81 /* NotificationController.swift */ = {isa = PBXFileReference; fileEncoding = 4; lastKnownFileType = sourcecode.swift; path = NotificationController.swift; sourceTree = "<group>"; };
		D8AF66E610A55E470198E6F2 /* Utilities.swift */ = {isa = PBXFileReference; fileEncoding = 4; lastKnownFileType = sourcecode.swift; path = Utilities.swift; sourceTree = "<group>"; };
		D8AF67027AA63441E1D071AC /* LaunchScreen.storyboard */ = {isa = PBXFileReference; lastKnownFileType = file.storyboard; path = LaunchScreen.storyboard; sourceTree = "<group>"; };
		D8AF678391F2DFE7FD17E3DB /* FeedController.swift */ = {isa = PBXFileReference; fileEncoding = 4; lastKnownFileType = sourcecode.swift; path = FeedController.swift; sourceTree = "<group>"; };
		D8AF6B79A5EDA9B8D7531D4C /* Extensions.swift */ = {isa = PBXFileReference; fileEncoding = 4; lastKnownFileType = sourcecode.swift; path = Extensions.swift; sourceTree = "<group>"; };
		D8AF6CC4C845AC9F19271B53 /* AppDelegate.swift */ = {isa = PBXFileReference; fileEncoding = 4; lastKnownFileType = sourcecode.swift; path = AppDelegate.swift; sourceTree = "<group>"; };
		D8AF6F4D6A7C5F2FF4CFF096 /* Constants.swift */ = {isa = PBXFileReference; fileEncoding = 4; lastKnownFileType = sourcecode.swift; path = Constants.swift; sourceTree = "<group>"; };
		D8AF6FE9E4D87710F6D3B5A5 /* ExploreController.swift */ = {isa = PBXFileReference; fileEncoding = 4; lastKnownFileType = sourcecode.swift; path = ExploreController.swift; sourceTree = "<group>"; };
/* End PBXFileReference section */

/* Begin PBXFrameworksBuildPhase section */
		3883312A24714C9B0039C237 /* Frameworks */ = {
			isa = PBXFrameworksBuildPhase;
			buildActionMask = 2147483647;
			files = (
				E7A0DF2323D2242E00D47976 /* Pods_TwitterClone.framework in Frameworks */,
			);
			runOnlyForDeploymentPostprocessing = 0;
		};
/* End PBXFrameworksBuildPhase section */

/* Begin PBXGroup section */
		0AC14D438D04CC6559836B4B /* Pods */ = {
			isa = PBXGroup;
			children = (
				44E1478240AC461CAE0A8335 /* Pods-TwitterClone.debug.xcconfig */,
				B95FF8B8BB33EABD9A7650FF /* Pods-TwitterClone.release.xcconfig */,
			);
			path = Pods;
			sourceTree = "<group>";
		};
		3883312424714C9B0039C237 = {
			isa = PBXGroup;
			children = (
				3883312F24714C9B0039C237 /* TwitterClone */,
				3883312E24714C9B0039C237 /* Products */,
				0AC14D438D04CC6559836B4B /* Pods */,
				C505491DB665AB467ADE4805 /* Frameworks */,
			);
			sourceTree = "<group>";
		};
		3883312E24714C9B0039C237 /* Products */ = {
			isa = PBXGroup;
			children = (
				3883312D24714C9B0039C237 /* TwitterClone.app */,
			);
			name = Products;
			sourceTree = "<group>";
		};
		3883312F24714C9B0039C237 /* TwitterClone */ = {
			isa = PBXGroup;
			children = (
				3883313C24714CA00039C237 /* Assets.xcassets */,
				3883314124714CA00039C237 /* Info.plist */,
				38DA947F24771FCE00F4B25D /* GoogleService-Info.plist */,
				3883313924714C9B0039C237 /* TwitterClone.xcdatamodeld */,
				D8AF617B8A1AF6E840C8DCFB /* Model */,
				D8AF64416AAFA28E668F4063 /* View */,
				D8AF6A5B9ACF61A8C663CDC6 /* ViewModel */,
				D8AF6695CD6502262472ADDE /* Controller */,
				D8AF6610440D77E08D1C9142 /* API */,
				D8AF6B0E239C499E6754720A /* Utils */,
				D8AF6E32420281ADE156B337 /* System Files */,
			);
			path = TwitterClone;
			sourceTree = "<group>";
		};
		C505491DB665AB467ADE4805 /* Frameworks */ = {
			isa = PBXGroup;
			children = (
				555C808510B5924D6424FDA1 /* Pods_TwitterClone.framework */,
			);
			name = Frameworks;
			sourceTree = "<group>";
		};
		D8AF617B8A1AF6E840C8DCFB /* Model */ = {
			isa = PBXGroup;
			children = (
			);
			path = Model;
			sourceTree = "<group>";
		};
		D8AF6389F2D79A44EB56EAD1 /* Authorization */ = {
			isa = PBXGroup;
			children = (
				D8AF65E8CBF3C45D459CBAE1 /* LoginController.swift */,
				D8AF6318BCD0F7C533258066 /* SignUpController.swift */,
			);
			path = Authorization;
			sourceTree = "<group>";
		};
		D8AF64416AAFA28E668F4063 /* View */ = {
			isa = PBXGroup;
			children = (
			);
			path = View;
			sourceTree = "<group>";
		};
		D8AF6610440D77E08D1C9142 /* API */ = {
			isa = PBXGroup;
			children = (
				381DCDE324790C5800EAFFF7 /* AuthService.swift */,
			);
			path = API;
			sourceTree = "<group>";
		};
		D8AF6695CD6502262472ADDE /* Controller */ = {
			isa = PBXGroup;
			children = (
				D8AF602F5AE38E2801CEF18D /* MainTabController.swift */,
				D8AF678391F2DFE7FD17E3DB /* FeedController.swift */,
				D8AF6FE9E4D87710F6D3B5A5 /* ExploreController.swift */,
				D8AF66B744437BD26D909D81 /* NotificationController.swift */,
				D8AF629BD617C69BCDDC55FB /* ConversationsController.swift */,
				D8AF6389F2D79A44EB56EAD1 /* Authorization */,
			);
			path = Controller;
			sourceTree = "<group>";
		};
		D8AF6A5B9ACF61A8C663CDC6 /* ViewModel */ = {
			isa = PBXGroup;
			children = (
			);
			path = ViewModel;
			sourceTree = "<group>";
		};
		D8AF6B0E239C499E6754720A /* Utils */ = {
			isa = PBXGroup;
			children = (
				D8AF6B79A5EDA9B8D7531D4C /* Extensions.swift */,
				D8AF66E610A55E470198E6F2 /* Utilities.swift */,
				D8AF6F4D6A7C5F2FF4CFF096 /* Constants.swift */,
			);
			path = Utils;
			sourceTree = "<group>";
		};
		D8AF6E32420281ADE156B337 /* System Files */ = {
			isa = PBXGroup;
			children = (
				D8AF6CC4C845AC9F19271B53 /* AppDelegate.swift */,
				D8AF60D70C65394C8DC5D1EB /* Main.storyboard */,
				D8AF67027AA63441E1D071AC /* LaunchScreen.storyboard */,
				D8AF624B3198CCDF7305992C /* SceneDelegate.swift */,
			);
			path = "System Files";
			sourceTree = "<group>";
		};
/* End PBXGroup section */

/* Begin PBXNativeTarget section */
		3883312C24714C9B0039C237 /* TwitterClone */ = {
			isa = PBXNativeTarget;
			buildConfigurationList = 3883314424714CA00039C237 /* Build configuration list for PBXNativeTarget "TwitterClone" */;
			buildPhases = (
				B142DA20D09740A3BB37B6E2 /* [CP] Check Pods Manifest.lock */,
				3883312924714C9B0039C237 /* Sources */,
				3883312A24714C9B0039C237 /* Frameworks */,
				3883312B24714C9B0039C237 /* Resources */,
				D13FC20D6199C1C98197DCE0 /* [CP] Embed Pods Frameworks */,
			);
			buildRules = (
			);
			dependencies = (
			);
			name = TwitterClone;
			productName = TwitterClone;
			productReference = 3883312D24714C9B0039C237 /* TwitterClone.app */;
			productType = "com.apple.product-type.application";
		};
/* End PBXNativeTarget section */

/* Begin PBXProject section */
		3883312524714C9B0039C237 /* Project object */ = {
			isa = PBXProject;
			attributes = {
				LastSwiftUpdateCheck = 1140;
				LastUpgradeCheck = 1140;
				ORGANIZATIONNAME = "Roman Tsvetkov";
				TargetAttributes = {
					3883312C24714C9B0039C237 = {
						CreatedOnToolsVersion = 11.4.1;
					};
				};
			};
			buildConfigurationList = 3883312824714C9B0039C237 /* Build configuration list for PBXProject "TwitterClone" */;
			compatibilityVersion = "Xcode 9.3";
			developmentRegion = en;
			hasScannedForEncodings = 0;
			knownRegions = (
				en,
				Base,
			);
			mainGroup = 3883312424714C9B0039C237;
			productRefGroup = 3883312E24714C9B0039C237 /* Products */;
			projectDirPath = "";
			projectRoot = "";
			targets = (
				3883312C24714C9B0039C237 /* TwitterClone */,
			);
		};
/* End PBXProject section */

/* Begin PBXResourcesBuildPhase section */
		3883312B24714C9B0039C237 /* Resources */ = {
			isa = PBXResourcesBuildPhase;
			buildActionMask = 2147483647;
			files = (
				3883313D24714CA00039C237 /* Assets.xcassets in Resources */,
				38DA948024771FCE00F4B25D /* GoogleService-Info.plist in Resources */,
				D8AF6E283811DFC552F71EA3 /* Main.storyboard in Resources */,
				D8AF638205ACDDB5A0B0329F /* LaunchScreen.storyboard in Resources */,
			);
			runOnlyForDeploymentPostprocessing = 0;
		};
/* End PBXResourcesBuildPhase section */

/* Begin PBXShellScriptBuildPhase section */
		B142DA20D09740A3BB37B6E2 /* [CP] Check Pods Manifest.lock */ = {
			isa = PBXShellScriptBuildPhase;
			buildActionMask = 2147483647;
			files = (
			);
			inputFileListPaths = (
			);
			inputPaths = (
				"${PODS_PODFILE_DIR_PATH}/Podfile.lock",
				"${PODS_ROOT}/Manifest.lock",
			);
			name = "[CP] Check Pods Manifest.lock";
			outputFileListPaths = (
			);
			outputPaths = (
				"$(DERIVED_FILE_DIR)/Pods-TwitterClone-checkManifestLockResult.txt",
			);
			runOnlyForDeploymentPostprocessing = 0;
			shellPath = /bin/sh;
			shellScript = "diff \"${PODS_PODFILE_DIR_PATH}/Podfile.lock\" \"${PODS_ROOT}/Manifest.lock\" > /dev/null\nif [ $? != 0 ] ; then\n    # print error to STDERR\n    echo \"error: The sandbox is not in sync with the Podfile.lock. Run 'pod install' or update your CocoaPods installation.\" >&2\n    exit 1\nfi\n# This output is used by Xcode 'outputs' to avoid re-running this script phase.\necho \"SUCCESS\" > \"${SCRIPT_OUTPUT_FILE_0}\"\n";
			showEnvVarsInLog = 0;
		};
		D13FC20D6199C1C98197DCE0 /* [CP] Embed Pods Frameworks */ = {
			isa = PBXShellScriptBuildPhase;
			buildActionMask = 2147483647;
			files = (
			);
			inputFileListPaths = (
				"${PODS_ROOT}/Target Support Files/Pods-TwitterClone/Pods-TwitterClone-frameworks-${CONFIGURATION}-input-files.xcfilelist",
			);
			name = "[CP] Embed Pods Frameworks";
			outputFileListPaths = (
				"${PODS_ROOT}/Target Support Files/Pods-TwitterClone/Pods-TwitterClone-frameworks-${CONFIGURATION}-output-files.xcfilelist",
			);
			runOnlyForDeploymentPostprocessing = 0;
			shellPath = /bin/sh;
			shellScript = "\"${PODS_ROOT}/Target Support Files/Pods-TwitterClone/Pods-TwitterClone-frameworks.sh\"\n";
			showEnvVarsInLog = 0;
		};
/* End PBXShellScriptBuildPhase section */

/* Begin PBXSourcesBuildPhase section */
		3883312924714C9B0039C237 /* Sources */ = {
			isa = PBXSourcesBuildPhase;
			buildActionMask = 2147483647;
			files = (
				3883313B24714C9B0039C237 /* TwitterClone.xcdatamodeld in Sources */,
				D8AF6B956BCF53696A5BE361 /* MainTabController.swift in Sources */,
				D8AF67B10F20AAFBC39CF754 /* AppDelegate.swift in Sources */,
				D8AF668751635E371D9BE2EB /* SceneDelegate.swift in Sources */,
				D8AF623D9FEEEF7A19E0B2A7 /* FeedController.swift in Sources */,
				D8AF63D2DACB4CFBD1EBD4D6 /* ExploreController.swift in Sources */,
				D8AF61ED204BBF0C04D72469 /* NotificationController.swift in Sources */,
				D8AF6A0F15263E7C90F0D0C2 /* ConversationsController.swift in Sources */,
				D8AF675EB214383D25F3E50D /* Extensions.swift in Sources */,
				D8AF6FCCC3FE5C2E85C6DA55 /* LoginController.swift in Sources */,
				D8AF6CFD40C195F4110AE41A /* SignUpController.swift in Sources */,
				D8AF6110B4A51D98B3F82EF8 /* Utilities.swift in Sources */,
				D8AF65BFEDCDA0C809F51FB3 /* Constants.swift in Sources */,
				381DCDE424790C5800EAFFF7 /* AuthService.swift in Sources */,
			);
			runOnlyForDeploymentPostprocessing = 0;
		};
/* End PBXSourcesBuildPhase section */

/* Begin XCBuildConfiguration section */
		3883314224714CA00039C237 /* Debug */ = {
			isa = XCBuildConfiguration;
			buildSettings = {
				ALWAYS_SEARCH_USER_PATHS = NO;
				CLANG_ANALYZER_NONNULL = YES;
				CLANG_ANALYZER_NUMBER_OBJECT_CONVERSION = YES_AGGRESSIVE;
				CLANG_CXX_LANGUAGE_STANDARD = "gnu++14";
				CLANG_CXX_LIBRARY = "libc++";
				CLANG_ENABLE_MODULES = YES;
				CLANG_ENABLE_OBJC_ARC = YES;
				CLANG_ENABLE_OBJC_WEAK = YES;
				CLANG_WARN_BLOCK_CAPTURE_AUTORELEASING = YES;
				CLANG_WARN_BOOL_CONVERSION = YES;
				CLANG_WARN_COMMA = YES;
				CLANG_WARN_CONSTANT_CONVERSION = YES;
				CLANG_WARN_DEPRECATED_OBJC_IMPLEMENTATIONS = YES;
				CLANG_WARN_DIRECT_OBJC_ISA_USAGE = YES_ERROR;
				CLANG_WARN_DOCUMENTATION_COMMENTS = YES;
				CLANG_WARN_EMPTY_BODY = YES;
				CLANG_WARN_ENUM_CONVERSION = YES;
				CLANG_WARN_INFINITE_RECURSION = YES;
				CLANG_WARN_INT_CONVERSION = YES;
				CLANG_WARN_NON_LITERAL_NULL_CONVERSION = YES;
				CLANG_WARN_OBJC_IMPLICIT_RETAIN_SELF = YES;
				CLANG_WARN_OBJC_LITERAL_CONVERSION = YES;
				CLANG_WARN_OBJC_ROOT_CLASS = YES_ERROR;
				CLANG_WARN_RANGE_LOOP_ANALYSIS = YES;
				CLANG_WARN_STRICT_PROTOTYPES = YES;
				CLANG_WARN_SUSPICIOUS_MOVE = YES;
				CLANG_WARN_UNGUARDED_AVAILABILITY = YES_AGGRESSIVE;
				CLANG_WARN_UNREACHABLE_CODE = YES;
				CLANG_WARN__DUPLICATE_METHOD_MATCH = YES;
				COPY_PHASE_STRIP = NO;
				DEBUG_INFORMATION_FORMAT = dwarf;
				ENABLE_STRICT_OBJC_MSGSEND = YES;
				ENABLE_TESTABILITY = YES;
				GCC_C_LANGUAGE_STANDARD = gnu11;
				GCC_DYNAMIC_NO_PIC = NO;
				GCC_NO_COMMON_BLOCKS = YES;
				GCC_OPTIMIZATION_LEVEL = 0;
				GCC_PREPROCESSOR_DEFINITIONS = (
					"DEBUG=1",
					"$(inherited)",
				);
				GCC_WARN_64_TO_32_BIT_CONVERSION = YES;
				GCC_WARN_ABOUT_RETURN_TYPE = YES_ERROR;
				GCC_WARN_UNDECLARED_SELECTOR = YES;
				GCC_WARN_UNINITIALIZED_AUTOS = YES_AGGRESSIVE;
				GCC_WARN_UNUSED_FUNCTION = YES;
				GCC_WARN_UNUSED_VARIABLE = YES;
				IPHONEOS_DEPLOYMENT_TARGET = 13.4;
				MTL_ENABLE_DEBUG_INFO = INCLUDE_SOURCE;
				MTL_FAST_MATH = YES;
				ONLY_ACTIVE_ARCH = YES;
				SDKROOT = iphoneos;
				SWIFT_ACTIVE_COMPILATION_CONDITIONS = DEBUG;
				SWIFT_OPTIMIZATION_LEVEL = "-Onone";
			};
			name = Debug;
		};
		3883314324714CA00039C237 /* Release */ = {
			isa = XCBuildConfiguration;
			buildSettings = {
				ALWAYS_SEARCH_USER_PATHS = NO;
				CLANG_ANALYZER_NONNULL = YES;
				CLANG_ANALYZER_NUMBER_OBJECT_CONVERSION = YES_AGGRESSIVE;
				CLANG_CXX_LANGUAGE_STANDARD = "gnu++14";
				CLANG_CXX_LIBRARY = "libc++";
				CLANG_ENABLE_MODULES = YES;
				CLANG_ENABLE_OBJC_ARC = YES;
				CLANG_ENABLE_OBJC_WEAK = YES;
				CLANG_WARN_BLOCK_CAPTURE_AUTORELEASING = YES;
				CLANG_WARN_BOOL_CONVERSION = YES;
				CLANG_WARN_COMMA = YES;
				CLANG_WARN_CONSTANT_CONVERSION = YES;
				CLANG_WARN_DEPRECATED_OBJC_IMPLEMENTATIONS = YES;
				CLANG_WARN_DIRECT_OBJC_ISA_USAGE = YES_ERROR;
				CLANG_WARN_DOCUMENTATION_COMMENTS = YES;
				CLANG_WARN_EMPTY_BODY = YES;
				CLANG_WARN_ENUM_CONVERSION = YES;
				CLANG_WARN_INFINITE_RECURSION = YES;
				CLANG_WARN_INT_CONVERSION = YES;
				CLANG_WARN_NON_LITERAL_NULL_CONVERSION = YES;
				CLANG_WARN_OBJC_IMPLICIT_RETAIN_SELF = YES;
				CLANG_WARN_OBJC_LITERAL_CONVERSION = YES;
				CLANG_WARN_OBJC_ROOT_CLASS = YES_ERROR;
				CLANG_WARN_RANGE_LOOP_ANALYSIS = YES;
				CLANG_WARN_STRICT_PROTOTYPES = YES;
				CLANG_WARN_SUSPICIOUS_MOVE = YES;
				CLANG_WARN_UNGUARDED_AVAILABILITY = YES_AGGRESSIVE;
				CLANG_WARN_UNREACHABLE_CODE = YES;
				CLANG_WARN__DUPLICATE_METHOD_MATCH = YES;
				COPY_PHASE_STRIP = NO;
				DEBUG_INFORMATION_FORMAT = "dwarf-with-dsym";
				ENABLE_NS_ASSERTIONS = NO;
				ENABLE_STRICT_OBJC_MSGSEND = YES;
				GCC_C_LANGUAGE_STANDARD = gnu11;
				GCC_NO_COMMON_BLOCKS = YES;
				GCC_WARN_64_TO_32_BIT_CONVERSION = YES;
				GCC_WARN_ABOUT_RETURN_TYPE = YES_ERROR;
				GCC_WARN_UNDECLARED_SELECTOR = YES;
				GCC_WARN_UNINITIALIZED_AUTOS = YES_AGGRESSIVE;
				GCC_WARN_UNUSED_FUNCTION = YES;
				GCC_WARN_UNUSED_VARIABLE = YES;
				IPHONEOS_DEPLOYMENT_TARGET = 13.4;
				MTL_ENABLE_DEBUG_INFO = NO;
				MTL_FAST_MATH = YES;
				SDKROOT = iphoneos;
				SWIFT_COMPILATION_MODE = wholemodule;
				SWIFT_OPTIMIZATION_LEVEL = "-O";
				VALIDATE_PRODUCT = YES;
			};
			name = Release;
		};
		3883314524714CA00039C237 /* Debug */ = {
			isa = XCBuildConfiguration;
			baseConfigurationReference = 44E1478240AC461CAE0A8335 /* Pods-TwitterClone.debug.xcconfig */;
			buildSettings = {
				ASSETCATALOG_COMPILER_APPICON_NAME = AppIcon;
				CODE_SIGN_STYLE = Automatic;
				DEVELOPMENT_TEAM = F3DZWAS24G;
				INFOPLIST_FILE = TwitterClone/Info.plist;
				LD_RUNPATH_SEARCH_PATHS = (
					"$(inherited)",
					"@executable_path/Frameworks",
				);
				PRODUCT_BUNDLE_IDENTIFIER = com.tsvetkovrb.TwitterClone;
				PRODUCT_NAME = "$(TARGET_NAME)";
				SWIFT_VERSION = 5.0;
				TARGETED_DEVICE_FAMILY = "1,2";
			};
			name = Debug;
		};
		3883314624714CA00039C237 /* Release */ = {
			isa = XCBuildConfiguration;
			baseConfigurationReference = B95FF8B8BB33EABD9A7650FF /* Pods-TwitterClone.release.xcconfig */;
			buildSettings = {
				ASSETCATALOG_COMPILER_APPICON_NAME = AppIcon;
				CODE_SIGN_STYLE = Automatic;
				DEVELOPMENT_TEAM = F3DZWAS24G;
				INFOPLIST_FILE = TwitterClone/Info.plist;
				LD_RUNPATH_SEARCH_PATHS = (
					"$(inherited)",
					"@executable_path/Frameworks",
				);
				PRODUCT_BUNDLE_IDENTIFIER = com.tsvetkovrb.TwitterClone;
				PRODUCT_NAME = "$(TARGET_NAME)";
				SWIFT_VERSION = 5.0;
				TARGETED_DEVICE_FAMILY = "1,2";
			};
			name = Release;
		};
/* End XCBuildConfiguration section */

/* Begin XCConfigurationList section */
		3883312824714C9B0039C237 /* Build configuration list for PBXProject "TwitterClone" */ = {
			isa = XCConfigurationList;
			buildConfigurations = (
				3883314224714CA00039C237 /* Debug */,
				3883314324714CA00039C237 /* Release */,
			);
			defaultConfigurationIsVisible = 0;
			defaultConfigurationName = Release;
		};
		3883314424714CA00039C237 /* Build configuration list for PBXNativeTarget "TwitterClone" */ = {
			isa = XCConfigurationList;
			buildConfigurations = (
				3883314524714CA00039C237 /* Debug */,
				3883314624714CA00039C237 /* Release */,
			);
			defaultConfigurationIsVisible = 0;
			defaultConfigurationName = Release;
		};
/* End XCConfigurationList section */

/* Begin XCVersionGroup section */
		3883313924714C9B0039C237 /* TwitterClone.xcdatamodeld */ = {
			isa = XCVersionGroup;
			children = (
				3883313A24714C9B0039C237 /* TwitterClone.xcdatamodel */,
			);
			currentVersion = 3883313A24714C9B0039C237 /* TwitterClone.xcdatamodel */;
			path = TwitterClone.xcdatamodeld;
			sourceTree = "<group>";
			versionGroupType = wrapper.xcdatamodel;
		};
/* End XCVersionGroup section */
	};
	rootObject = 3883312524714C9B0039C237 /* Project object */;
}
